{
  "name": "MCDB BP",
  "lockfileVersion": 3,
  "requires": true,
  "packages": {
    "": {
      "dependencies": {
        "@minecraft/server": "^1.4.0-beta.1.20.10-preview.23",
        "@minecraft/server-admin": "^1.0.0-beta.1.20.10-preview.23",
        "@minecraft/server-net": "^1.0.0-beta.1.20.10-preview.23"
      }
    },
    "node_modules/@minecraft/server": {
      "version": "1.4.0-beta.1.20.10-preview.23",
      "resolved": "https://registry.npmjs.org/@minecraft/server/-/server-1.4.0-beta.1.20.10-preview.23.tgz",
      "integrity": "sha512-FWVpE1L4t9JJnV17xzd1epA7eYBJHjaSaYVwAuSwcdU2Bo/EKjRP0V4lDpzvM1LvFvtZDccfJg2Z3ononrfmEQ=="
    },
    "node_modules/@minecraft/server-admin": {
      "version": "1.0.0-beta.1.20.10-preview.23",
      "resolved": "https://registry.npmjs.org/@minecraft/server-admin/-/server-admin-1.0.0-beta.1.20.10-preview.23.tgz",
      "integrity": "sha512-SKbdVt2v1g1HfgZQPZqCYwaWKHSErA3bbSG/PB4Cj6IeOhUChkbpGw6kT8ddcPF8af4r4nx1L2AWXrLZlct0jg=="
    },
    "node_modules/@minecraft/server-net": {
      "version": "1.0.0-beta.1.20.10-preview.23",
      "resolved": "https://registry.npmjs.org/@minecraft/server-net/-/server-net-1.0.0-beta.1.20.10-preview.23.tgz",
      "integrity": "sha512-Pv3XrvJghG2NWKpLmhX6nR5WssZuHPtvwS9z3kCqrHaGA6gIYe5Xfthr8Jl1MSnhtia/qYgyN1lIe4HC/P8KaQ==",
      "dependencies": {
        "@minecraft/server-admin": "1.0.0-beta.1.20.10-preview.23"
      }
    }
  }
}
